
Microsoft Visual Studio Solution File, Format Version 12.00
# Visual Studio Version 16
VisualStudioVersion = 16.0.32126.315
MinimumVisualStudioVersion = 10.0.40219.1
Project("{FAE04EC0-301F-11D3-BF4B-00C04F79EFBC}") = "ViewAndUpdateServices", "ViewAndUpdateServices\ViewAndUpdateServices.csproj", "{8D6BC194-76E3-401A-91F5-9CA54EAD6B0A}"
EndProject
Global
	GlobalSection(SolutionConfigurationPlatforms) = preSolution
		Debug|Any CPU = Debug|Any CPU
		Release|Any CPU = Release|Any CPU
	EndGlobalSection
	GlobalSection(ProjectConfigurationPlatforms) = postSolution
		{8D6BC194-76E3-401A-91F5-9CA54EAD6B0A}.Debug|Any CPU.ActiveCfg = Debug|Any CPU
		{8D6BC194-76E3-401A-91F5-9CA54EAD6B0A}.Debug|Any CPU.Build.0 = Debug|Any CPU
		{8D6BC194-76E3-401A-91F5-9CA54EAD6B0A}.Release|Any CPU.ActiveCfg = Release|Any CPU
		{8D6BC194-76E3-401A-91F5-9CA54EAD6B0A}.Release|Any CPU.Build.0 = Release|Any CPU
	EndGlobalSection
	GlobalSection(SolutionProperties) = preSolution
		HideSolutionNode = FALSE
	EndGlobalSection
	GlobalSection(ExtensibilityGlobals) = postSolution
		SolutionGuid = {DA149A5E-459D-4B4F-AC17-256301786AC5}
	EndGlobalSection
EndGlobal
